// !$*UTF8*$!
{
	archiveVersion = 1;
	classes = {
	};
	objectVersion = 50;
	objects = {

/* Begin PBXBuildFile section */
		5836E74A840FF6742C9C4333 /* Pods_PopUpCornTests.framework in Frameworks */ = {isa = PBXBuildFile; fileRef = 78373EE9637F4316F5FCAFA0 /* Pods_PopUpCornTests.framework */; };
		C6199C3C6BC081B4BAAF7B52 /* Pods_PopUpCornUITests.framework in Frameworks */ = {isa = PBXBuildFile; fileRef = FC65AD63EA2D65B43D250D38 /* Pods_PopUpCornUITests.framework */; };
		E3374C442212220600D2C02C /* AppDelegate.swift in Sources */ = {isa = PBXBuildFile; fileRef = E3374C432212220600D2C02C /* AppDelegate.swift */; };
		E3374C4B2212220900D2C02C /* Assets.xcassets in Resources */ = {isa = PBXBuildFile; fileRef = E3374C4A2212220900D2C02C /* Assets.xcassets */; };
		E3374C4E2212220900D2C02C /* LaunchScreen.storyboard in Resources */ = {isa = PBXBuildFile; fileRef = E3374C4C2212220900D2C02C /* LaunchScreen.storyboard */; };
		E3374C592212220900D2C02C /* PopUpCornTests.swift in Sources */ = {isa = PBXBuildFile; fileRef = E3374C582212220900D2C02C /* PopUpCornTests.swift */; };
		E3374C642212220900D2C02C /* PopUpCornUITests.swift in Sources */ = {isa = PBXBuildFile; fileRef = E3374C632212220900D2C02C /* PopUpCornUITests.swift */; };
		E3374C742212239700D2C02C /* PUTMDBService.swift in Sources */ = {isa = PBXBuildFile; fileRef = E3374C732212239700D2C02C /* PUTMDBService.swift */; };
		E3374C762212240600D2C02C /* tmdb.plist in Resources */ = {isa = PBXBuildFile; fileRef = E3374C752212240600D2C02C /* tmdb.plist */; };
		E3374C7A2212247300D2C02C /* PUPlistService.swift in Sources */ = {isa = PBXBuildFile; fileRef = E3374C792212247300D2C02C /* PUPlistService.swift */; };
		E3374C7C2212248F00D2C02C /* PUListType.swift in Sources */ = {isa = PBXBuildFile; fileRef = E3374C7B2212248F00D2C02C /* PUListType.swift */; };
		E3374C802212455100D2C02C /* Bundle+plistPath.swift in Sources */ = {isa = PBXBuildFile; fileRef = E3374C7F2212455100D2C02C /* Bundle+plistPath.swift */; };
		E3374C8422124D2600D2C02C /* MovieListViewController.swift in Sources */ = {isa = PBXBuildFile; fileRef = E3374C8222124D2600D2C02C /* MovieListViewController.swift */; };
		E3374C8522124D2600D2C02C /* MovieListViewController.xib in Resources */ = {isa = PBXBuildFile; fileRef = E3374C8322124D2600D2C02C /* MovieListViewController.xib */; };
		E3374C8822124E0300D2C02C /* Movie.swift in Sources */ = {isa = PBXBuildFile; fileRef = E3374C8722124E0300D2C02C /* Movie.swift */; };
		E3374C8A2212518900D2C02C /* Page.swift in Sources */ = {isa = PBXBuildFile; fileRef = E3374C892212518900D2C02C /* Page.swift */; };
		E3374C8C221252B400D2C02C /* Genre.swift in Sources */ = {isa = PBXBuildFile; fileRef = E3374C8B221252B400D2C02C /* Genre.swift */; };
		E3374C8E221253F000D2C02C /* PUTTMDBEndPoint.swift in Sources */ = {isa = PBXBuildFile; fileRef = E3374C8D221253F000D2C02C /* PUTTMDBEndPoint.swift */; };
		E3374C9322137E5D00D2C02C /* PUCacheService.swift in Sources */ = {isa = PBXBuildFile; fileRef = E3374C9222137E5D00D2C02C /* PUCacheService.swift */; };
		E3374C9522137EEA00D2C02C /* PUCacheCenter.swift in Sources */ = {isa = PBXBuildFile; fileRef = E3374C9422137EEA00D2C02C /* PUCacheCenter.swift */; };
		E3374C992213844400D2C02C /* UIImage+initFromURL.swift in Sources */ = {isa = PBXBuildFile; fileRef = E3374C982213844400D2C02C /* UIImage+initFromURL.swift */; };
		E3374C9F22138D7B00D2C02C /* PUExpandedMovieCollectionViewCell.swift in Sources */ = {isa = PBXBuildFile; fileRef = E3374C9D22138D7B00D2C02C /* PUExpandedMovieCollectionViewCell.swift */; };
		E3374CA022138D7B00D2C02C /* PUExpandedMovieCollectionViewCell.xib in Resources */ = {isa = PBXBuildFile; fileRef = E3374C9E22138D7B00D2C02C /* PUExpandedMovieCollectionViewCell.xib */; };
		E3374CA2221390D300D2C02C /* UIColor+pucolors.swift in Sources */ = {isa = PBXBuildFile; fileRef = E3374CA1221390D300D2C02C /* UIColor+pucolors.swift */; };
		E3374CA42213B39900D2C02C /* NavigationFlowManager.swift in Sources */ = {isa = PBXBuildFile; fileRef = E3374CA32213B39900D2C02C /* NavigationFlowManager.swift */; };
		E3374CA82214319500D2C02C /* UpComingMoviesViewController.swift in Sources */ = {isa = PBXBuildFile; fileRef = E3374CA72214319500D2C02C /* UpComingMoviesViewController.swift */; };
		E3374CAA221431C200D2C02C /* MovieListViewControllerDelegate.swift in Sources */ = {isa = PBXBuildFile; fileRef = E3374CA9221431C200D2C02C /* MovieListViewControllerDelegate.swift */; };
		E3374CB422149D5500D2C02C /* PUToggleButtonView.xib in Resources */ = {isa = PBXBuildFile; fileRef = E3374CB322149D5500D2C02C /* PUToggleButtonView.xib */; };
		E3374CB822149EF100D2C02C /* PUToggleButtonView.swift in Sources */ = {isa = PBXBuildFile; fileRef = E3374CB722149EF100D2C02C /* PUToggleButtonView.swift */; };
		E3374CBB22149FEC00D2C02C /* PUBaseZibOwnerView.swift in Sources */ = {isa = PBXBuildFile; fileRef = E3374CBA22149FEC00D2C02C /* PUBaseZibOwnerView.swift */; };
		E38268DE2215FF57001C792E /* PUToggleButtonViewDelegate.swift in Sources */ = {isa = PBXBuildFile; fileRef = E38268DD2215FF57001C792E /* PUToggleButtonViewDelegate.swift */; };
		E38268E02215FFFE001C792E /* PUToggleButtonState.swift in Sources */ = {isa = PBXBuildFile; fileRef = E38268DF2215FFFE001C792E /* PUToggleButtonState.swift */; };
		E38268E52216022F001C792E /* PUNormalMovieCollectionViewCell.swift in Sources */ = {isa = PBXBuildFile; fileRef = E38268E32216022F001C792E /* PUNormalMovieCollectionViewCell.swift */; };
		E38268E62216022F001C792E /* PUNormalMovieCollectionViewCell.xib in Resources */ = {isa = PBXBuildFile; fileRef = E38268E42216022F001C792E /* PUNormalMovieCollectionViewCell.xib */; };
		E38268E822160577001C792E /* MovieListControllerState.swift in Sources */ = {isa = PBXBuildFile; fileRef = E38268E722160577001C792E /* MovieListControllerState.swift */; };
		E38268EA22160823001C792E /* PUMovieCollectionViewCellProtocol.swift in Sources */ = {isa = PBXBuildFile; fileRef = E38268E922160823001C792E /* PUMovieCollectionViewCellProtocol.swift */; };
		E38268EF22161D1B001C792E /* SearchMoviesViewController.swift in Sources */ = {isa = PBXBuildFile; fileRef = E38268EE22161D1B001C792E /* SearchMoviesViewController.swift */; };
		E38268F222161E0F001C792E /* UIViewController+addChild.swift in Sources */ = {isa = PBXBuildFile; fileRef = E38268F122161E0F001C792E /* UIViewController+addChild.swift */; };
		E38268F422162FFF001C792E /* PUTMDBQuery.swift in Sources */ = {isa = PBXBuildFile; fileRef = E38268F322162FFF001C792E /* PUTMDBQuery.swift */; };
		E38268F6221630F0001C792E /* PUTMDBModelQuery.swift in Sources */ = {isa = PBXBuildFile; fileRef = E38268F5221630F0001C792E /* PUTMDBModelQuery.swift */; };
		E38268F82216330A001C792E /* PUTMDBImageQuery.swift in Sources */ = {isa = PBXBuildFile; fileRef = E38268F72216330A001C792E /* PUTMDBImageQuery.swift */; };
		E38268FA22163449001C792E /* PUTMDBCredentials.swift in Sources */ = {isa = PBXBuildFile; fileRef = E38268F922163449001C792E /* PUTMDBCredentials.swift */; };
		E38268FD22163C63001C792E /* PUTMDBPreviewableImageQuery.swift in Sources */ = {isa = PBXBuildFile; fileRef = E38268FC22163C63001C792E /* PUTMDBPreviewableImageQuery.swift */; };
		E38268FF221657AB001C792E /* PUTMDBServiceData.swift in Sources */ = {isa = PBXBuildFile; fileRef = E38268FE221657AB001C792E /* PUTMDBServiceData.swift */; };
		E3826901221659E7001C792E /* Array+genreDict.swift in Sources */ = {isa = PBXBuildFile; fileRef = E3826900221659E7001C792E /* Array+genreDict.swift */; };
		F61E6669CE03F25FC7476E66 /* Pods_PopUpCorn.framework in Frameworks */ = {isa = PBXBuildFile; fileRef = 9A41B9FC352158C247928E54 /* Pods_PopUpCorn.framework */; };
/* End PBXBuildFile section */

/* Begin PBXContainerItemProxy section */
		E3374C552212220900D2C02C /* PBXContainerItemProxy */ = {
			isa = PBXContainerItemProxy;
			containerPortal = E3374C382212220600D2C02C /* Project object */;
			proxyType = 1;
			remoteGlobalIDString = E3374C3F2212220600D2C02C;
			remoteInfo = PopUpCorn;
		};
		E3374C602212220900D2C02C /* PBXContainerItemProxy */ = {
			isa = PBXContainerItemProxy;
			containerPortal = E3374C382212220600D2C02C /* Project object */;
			proxyType = 1;
			remoteGlobalIDString = E3374C3F2212220600D2C02C;
			remoteInfo = PopUpCorn;
		};
/* End PBXContainerItemProxy section */

/* Begin PBXFileReference section */
		0EC58F109D1F98098AC1EF24 /* Pods-PopUpCornTests.debug.xcconfig */ = {isa = PBXFileReference; includeInIndex = 1; lastKnownFileType = text.xcconfig; name = "Pods-PopUpCornTests.debug.xcconfig"; path = "Pods/Target Support Files/Pods-PopUpCornTests/Pods-PopUpCornTests.debug.xcconfig"; sourceTree = "<group>"; };
		0F97EAEF1132CC2A1237B7EF /* Pods-PopUpCorn.release.xcconfig */ = {isa = PBXFileReference; includeInIndex = 1; lastKnownFileType = text.xcconfig; name = "Pods-PopUpCorn.release.xcconfig"; path = "Pods/Target Support Files/Pods-PopUpCorn/Pods-PopUpCorn.release.xcconfig"; sourceTree = "<group>"; };
		1A203ECEC0A9AD37FA65E873 /* Pods-PopUpCornUITests.release.xcconfig */ = {isa = PBXFileReference; includeInIndex = 1; lastKnownFileType = text.xcconfig; name = "Pods-PopUpCornUITests.release.xcconfig"; path = "Pods/Target Support Files/Pods-PopUpCornUITests/Pods-PopUpCornUITests.release.xcconfig"; sourceTree = "<group>"; };
		78373EE9637F4316F5FCAFA0 /* Pods_PopUpCornTests.framework */ = {isa = PBXFileReference; explicitFileType = wrapper.framework; includeInIndex = 0; path = Pods_PopUpCornTests.framework; sourceTree = BUILT_PRODUCTS_DIR; };
		9A41B9FC352158C247928E54 /* Pods_PopUpCorn.framework */ = {isa = PBXFileReference; explicitFileType = wrapper.framework; includeInIndex = 0; path = Pods_PopUpCorn.framework; sourceTree = BUILT_PRODUCTS_DIR; };
		BB9F10A9C44249B8F3FDA82D /* Pods-PopUpCorn.debug.xcconfig */ = {isa = PBXFileReference; includeInIndex = 1; lastKnownFileType = text.xcconfig; name = "Pods-PopUpCorn.debug.xcconfig"; path = "Pods/Target Support Files/Pods-PopUpCorn/Pods-PopUpCorn.debug.xcconfig"; sourceTree = "<group>"; };
		BF9ECCEE184A02CE1C5A83B9 /* Pods-PopUpCornTests.release.xcconfig */ = {isa = PBXFileReference; includeInIndex = 1; lastKnownFileType = text.xcconfig; name = "Pods-PopUpCornTests.release.xcconfig"; path = "Pods/Target Support Files/Pods-PopUpCornTests/Pods-PopUpCornTests.release.xcconfig"; sourceTree = "<group>"; };
		C2F4AC3984CAC43A80D271C4 /* Pods-PopUpCornUITests.debug.xcconfig */ = {isa = PBXFileReference; includeInIndex = 1; lastKnownFileType = text.xcconfig; name = "Pods-PopUpCornUITests.debug.xcconfig"; path = "Pods/Target Support Files/Pods-PopUpCornUITests/Pods-PopUpCornUITests.debug.xcconfig"; sourceTree = "<group>"; };
		E3374C402212220600D2C02C /* PopUpCorn.app */ = {isa = PBXFileReference; explicitFileType = wrapper.application; includeInIndex = 0; path = PopUpCorn.app; sourceTree = BUILT_PRODUCTS_DIR; };
		E3374C432212220600D2C02C /* AppDelegate.swift */ = {isa = PBXFileReference; lastKnownFileType = sourcecode.swift; path = AppDelegate.swift; sourceTree = "<group>"; };
		E3374C4A2212220900D2C02C /* Assets.xcassets */ = {isa = PBXFileReference; lastKnownFileType = folder.assetcatalog; path = Assets.xcassets; sourceTree = "<group>"; };
		E3374C4D2212220900D2C02C /* Base */ = {isa = PBXFileReference; lastKnownFileType = file.storyboard; name = Base; path = Base.lproj/LaunchScreen.storyboard; sourceTree = "<group>"; };
		E3374C4F2212220900D2C02C /* Info.plist */ = {isa = PBXFileReference; lastKnownFileType = text.plist.xml; path = Info.plist; sourceTree = "<group>"; };
		E3374C542212220900D2C02C /* PopUpCornTests.xctest */ = {isa = PBXFileReference; explicitFileType = wrapper.cfbundle; includeInIndex = 0; path = PopUpCornTests.xctest; sourceTree = BUILT_PRODUCTS_DIR; };
		E3374C582212220900D2C02C /* PopUpCornTests.swift */ = {isa = PBXFileReference; lastKnownFileType = sourcecode.swift; path = PopUpCornTests.swift; sourceTree = "<group>"; };
		E3374C5A2212220900D2C02C /* Info.plist */ = {isa = PBXFileReference; lastKnownFileType = text.plist.xml; path = Info.plist; sourceTree = "<group>"; };
		E3374C5F2212220900D2C02C /* PopUpCornUITests.xctest */ = {isa = PBXFileReference; explicitFileType = wrapper.cfbundle; includeInIndex = 0; path = PopUpCornUITests.xctest; sourceTree = BUILT_PRODUCTS_DIR; };
		E3374C632212220900D2C02C /* PopUpCornUITests.swift */ = {isa = PBXFileReference; lastKnownFileType = sourcecode.swift; path = PopUpCornUITests.swift; sourceTree = "<group>"; };
		E3374C652212220900D2C02C /* Info.plist */ = {isa = PBXFileReference; lastKnownFileType = text.plist.xml; path = Info.plist; sourceTree = "<group>"; };
		E3374C732212239700D2C02C /* PUTMDBService.swift */ = {isa = PBXFileReference; lastKnownFileType = sourcecode.swift; path = PUTMDBService.swift; sourceTree = "<group>"; };
		E3374C752212240600D2C02C /* tmdb.plist */ = {isa = PBXFileReference; lastKnownFileType = text.plist.xml; path = tmdb.plist; sourceTree = "<group>"; };
		E3374C792212247300D2C02C /* PUPlistService.swift */ = {isa = PBXFileReference; lastKnownFileType = sourcecode.swift; path = PUPlistService.swift; sourceTree = "<group>"; };
		E3374C7B2212248F00D2C02C /* PUListType.swift */ = {isa = PBXFileReference; lastKnownFileType = sourcecode.swift; path = PUListType.swift; sourceTree = "<group>"; };
		E3374C7F2212455100D2C02C /* Bundle+plistPath.swift */ = {isa = PBXFileReference; lastKnownFileType = sourcecode.swift; path = "Bundle+plistPath.swift"; sourceTree = "<group>"; };
		E3374C8222124D2600D2C02C /* MovieListViewController.swift */ = {isa = PBXFileReference; lastKnownFileType = sourcecode.swift; path = MovieListViewController.swift; sourceTree = "<group>"; };
		E3374C8322124D2600D2C02C /* MovieListViewController.xib */ = {isa = PBXFileReference; lastKnownFileType = file.xib; path = MovieListViewController.xib; sourceTree = "<group>"; };
		E3374C8722124E0300D2C02C /* Movie.swift */ = {isa = PBXFileReference; lastKnownFileType = sourcecode.swift; path = Movie.swift; sourceTree = "<group>"; };
		E3374C892212518900D2C02C /* Page.swift */ = {isa = PBXFileReference; lastKnownFileType = sourcecode.swift; path = Page.swift; sourceTree = "<group>"; };
		E3374C8B221252B400D2C02C /* Genre.swift */ = {isa = PBXFileReference; lastKnownFileType = sourcecode.swift; path = Genre.swift; sourceTree = "<group>"; };
		E3374C8D221253F000D2C02C /* PUTTMDBEndPoint.swift */ = {isa = PBXFileReference; lastKnownFileType = sourcecode.swift; path = PUTTMDBEndPoint.swift; sourceTree = "<group>"; };
		E3374C9222137E5D00D2C02C /* PUCacheService.swift */ = {isa = PBXFileReference; lastKnownFileType = sourcecode.swift; path = PUCacheService.swift; sourceTree = "<group>"; };
		E3374C9422137EEA00D2C02C /* PUCacheCenter.swift */ = {isa = PBXFileReference; lastKnownFileType = sourcecode.swift; path = PUCacheCenter.swift; sourceTree = "<group>"; };
		E3374C982213844400D2C02C /* UIImage+initFromURL.swift */ = {isa = PBXFileReference; lastKnownFileType = sourcecode.swift; path = "UIImage+initFromURL.swift"; sourceTree = "<group>"; };
		E3374C9D22138D7B00D2C02C /* PUExpandedMovieCollectionViewCell.swift */ = {isa = PBXFileReference; lastKnownFileType = sourcecode.swift; path = PUExpandedMovieCollectionViewCell.swift; sourceTree = "<group>"; };
		E3374C9E22138D7B00D2C02C /* PUExpandedMovieCollectionViewCell.xib */ = {isa = PBXFileReference; lastKnownFileType = file.xib; path = PUExpandedMovieCollectionViewCell.xib; sourceTree = "<group>"; };
		E3374CA1221390D300D2C02C /* UIColor+pucolors.swift */ = {isa = PBXFileReference; lastKnownFileType = sourcecode.swift; path = "UIColor+pucolors.swift"; sourceTree = "<group>"; };
		E3374CA32213B39900D2C02C /* NavigationFlowManager.swift */ = {isa = PBXFileReference; lastKnownFileType = sourcecode.swift; path = NavigationFlowManager.swift; sourceTree = "<group>"; };
		E3374CA72214319500D2C02C /* UpComingMoviesViewController.swift */ = {isa = PBXFileReference; lastKnownFileType = sourcecode.swift; path = UpComingMoviesViewController.swift; sourceTree = "<group>"; };
		E3374CA9221431C200D2C02C /* MovieListViewControllerDelegate.swift */ = {isa = PBXFileReference; lastKnownFileType = sourcecode.swift; path = MovieListViewControllerDelegate.swift; sourceTree = "<group>"; };
		E3374CB322149D5500D2C02C /* PUToggleButtonView.xib */ = {isa = PBXFileReference; lastKnownFileType = file.xib; path = PUToggleButtonView.xib; sourceTree = "<group>"; };
		E3374CB722149EF100D2C02C /* PUToggleButtonView.swift */ = {isa = PBXFileReference; lastKnownFileType = sourcecode.swift; path = PUToggleButtonView.swift; sourceTree = "<group>"; };
		E3374CBA22149FEC00D2C02C /* PUBaseZibOwnerView.swift */ = {isa = PBXFileReference; lastKnownFileType = sourcecode.swift; path = PUBaseZibOwnerView.swift; sourceTree = "<group>"; };
		E38268DD2215FF57001C792E /* PUToggleButtonViewDelegate.swift */ = {isa = PBXFileReference; lastKnownFileType = sourcecode.swift; path = PUToggleButtonViewDelegate.swift; sourceTree = "<group>"; };
		E38268DF2215FFFE001C792E /* PUToggleButtonState.swift */ = {isa = PBXFileReference; lastKnownFileType = sourcecode.swift; path = PUToggleButtonState.swift; sourceTree = "<group>"; };
		E38268E32216022F001C792E /* PUNormalMovieCollectionViewCell.swift */ = {isa = PBXFileReference; lastKnownFileType = sourcecode.swift; path = PUNormalMovieCollectionViewCell.swift; sourceTree = "<group>"; };
		E38268E42216022F001C792E /* PUNormalMovieCollectionViewCell.xib */ = {isa = PBXFileReference; lastKnownFileType = file.xib; path = PUNormalMovieCollectionViewCell.xib; sourceTree = "<group>"; };
		E38268E722160577001C792E /* MovieListControllerState.swift */ = {isa = PBXFileReference; lastKnownFileType = sourcecode.swift; path = MovieListControllerState.swift; sourceTree = "<group>"; };
		E38268E922160823001C792E /* PUMovieCollectionViewCellProtocol.swift */ = {isa = PBXFileReference; lastKnownFileType = sourcecode.swift; path = PUMovieCollectionViewCellProtocol.swift; sourceTree = "<group>"; };
		E38268EE22161D1B001C792E /* SearchMoviesViewController.swift */ = {isa = PBXFileReference; lastKnownFileType = sourcecode.swift; path = SearchMoviesViewController.swift; sourceTree = "<group>"; };
		E38268F122161E0F001C792E /* UIViewController+addChild.swift */ = {isa = PBXFileReference; lastKnownFileType = sourcecode.swift; path = "UIViewController+addChild.swift"; sourceTree = "<group>"; };
		E38268F322162FFF001C792E /* PUTMDBQuery.swift */ = {isa = PBXFileReference; lastKnownFileType = sourcecode.swift; path = PUTMDBQuery.swift; sourceTree = "<group>"; };
		E38268F5221630F0001C792E /* PUTMDBModelQuery.swift */ = {isa = PBXFileReference; lastKnownFileType = sourcecode.swift; path = PUTMDBModelQuery.swift; sourceTree = "<group>"; };
		E38268F72216330A001C792E /* PUTMDBImageQuery.swift */ = {isa = PBXFileReference; lastKnownFileType = sourcecode.swift; path = PUTMDBImageQuery.swift; sourceTree = "<group>"; };
		E38268F922163449001C792E /* PUTMDBCredentials.swift */ = {isa = PBXFileReference; lastKnownFileType = sourcecode.swift; path = PUTMDBCredentials.swift; sourceTree = "<group>"; };
		E38268FC22163C63001C792E /* PUTMDBPreviewableImageQuery.swift */ = {isa = PBXFileReference; lastKnownFileType = sourcecode.swift; path = PUTMDBPreviewableImageQuery.swift; sourceTree = "<group>"; };
		E38268FE221657AB001C792E /* PUTMDBServiceData.swift */ = {isa = PBXFileReference; lastKnownFileType = sourcecode.swift; path = PUTMDBServiceData.swift; sourceTree = "<group>"; };
		E3826900221659E7001C792E /* Array+genreDict.swift */ = {isa = PBXFileReference; lastKnownFileType = sourcecode.swift; path = "Array+genreDict.swift"; sourceTree = "<group>"; };
		FC65AD63EA2D65B43D250D38 /* Pods_PopUpCornUITests.framework */ = {isa = PBXFileReference; explicitFileType = wrapper.framework; includeInIndex = 0; path = Pods_PopUpCornUITests.framework; sourceTree = BUILT_PRODUCTS_DIR; };
/* End PBXFileReference section */

/* Begin PBXFrameworksBuildPhase section */
		E3374C3D2212220600D2C02C /* Frameworks */ = {
			isa = PBXFrameworksBuildPhase;
			buildActionMask = 2147483647;
			files = (
				F61E6669CE03F25FC7476E66 /* Pods_PopUpCorn.framework in Frameworks */,
			);
			runOnlyForDeploymentPostprocessing = 0;
		};
		E3374C512212220900D2C02C /* Frameworks */ = {
			isa = PBXFrameworksBuildPhase;
			buildActionMask = 2147483647;
			files = (
				5836E74A840FF6742C9C4333 /* Pods_PopUpCornTests.framework in Frameworks */,
			);
			runOnlyForDeploymentPostprocessing = 0;
		};
		E3374C5C2212220900D2C02C /* Frameworks */ = {
			isa = PBXFrameworksBuildPhase;
			buildActionMask = 2147483647;
			files = (
				C6199C3C6BC081B4BAAF7B52 /* Pods_PopUpCornUITests.framework in Frameworks */,
			);
			runOnlyForDeploymentPostprocessing = 0;
		};
/* End PBXFrameworksBuildPhase section */

/* Begin PBXGroup section */
		10D27695D575FCDA9A51D23C /* Frameworks */ = {
			isa = PBXGroup;
			children = (
				9A41B9FC352158C247928E54 /* Pods_PopUpCorn.framework */,
				78373EE9637F4316F5FCAFA0 /* Pods_PopUpCornTests.framework */,
				FC65AD63EA2D65B43D250D38 /* Pods_PopUpCornUITests.framework */,
			);
			name = Frameworks;
			sourceTree = "<group>";
		};
		B04471FD9A1FC4C8418D0DE9 /* Pods */ = {
			isa = PBXGroup;
			children = (
				BB9F10A9C44249B8F3FDA82D /* Pods-PopUpCorn.debug.xcconfig */,
				0F97EAEF1132CC2A1237B7EF /* Pods-PopUpCorn.release.xcconfig */,
				0EC58F109D1F98098AC1EF24 /* Pods-PopUpCornTests.debug.xcconfig */,
				BF9ECCEE184A02CE1C5A83B9 /* Pods-PopUpCornTests.release.xcconfig */,
				C2F4AC3984CAC43A80D271C4 /* Pods-PopUpCornUITests.debug.xcconfig */,
				1A203ECEC0A9AD37FA65E873 /* Pods-PopUpCornUITests.release.xcconfig */,
			);
			name = Pods;
			sourceTree = "<group>";
		};
		E3374C372212220600D2C02C = {
			isa = PBXGroup;
			children = (
				E3374C422212220600D2C02C /* PopUpCorn */,
				E3374C572212220900D2C02C /* PopUpCornTests */,
				E3374C622212220900D2C02C /* PopUpCornUITests */,
				E3374C412212220600D2C02C /* Products */,
				B04471FD9A1FC4C8418D0DE9 /* Pods */,
				10D27695D575FCDA9A51D23C /* Frameworks */,
			);
			sourceTree = "<group>";
		};
		E3374C412212220600D2C02C /* Products */ = {
			isa = PBXGroup;
			children = (
				E3374C402212220600D2C02C /* PopUpCorn.app */,
				E3374C542212220900D2C02C /* PopUpCornTests.xctest */,
				E3374C5F2212220900D2C02C /* PopUpCornUITests.xctest */,
			);
			name = Products;
			sourceTree = "<group>";
		};
		E3374C422212220600D2C02C /* PopUpCorn */ = {
			isa = PBXGroup;
			children = (
				E3374C7E2212452400D2C02C /* Extensions */,
				E3374C71221222DA00D2C02C /* Services */,
				E3374C8622124DDA00D2C02C /* Models */,
				E3374C9A22138D3B00D2C02C /* Views */,
				E3374C8122124CC000D2C02C /* Controllers */,
				E3374C432212220600D2C02C /* AppDelegate.swift */,
				E3374C4A2212220900D2C02C /* Assets.xcassets */,
				E3374C4C2212220900D2C02C /* LaunchScreen.storyboard */,
				E3374C4F2212220900D2C02C /* Info.plist */,
			);
			path = PopUpCorn;
			sourceTree = "<group>";
		};
		E3374C572212220900D2C02C /* PopUpCornTests */ = {
			isa = PBXGroup;
			children = (
				E3374C582212220900D2C02C /* PopUpCornTests.swift */,
				E3374C5A2212220900D2C02C /* Info.plist */,
			);
			path = PopUpCornTests;
			sourceTree = "<group>";
		};
		E3374C622212220900D2C02C /* PopUpCornUITests */ = {
			isa = PBXGroup;
			children = (
				E3374C632212220900D2C02C /* PopUpCornUITests.swift */,
				E3374C652212220900D2C02C /* Info.plist */,
			);
			path = PopUpCornUITests;
			sourceTree = "<group>";
		};
		E3374C71221222DA00D2C02C /* Services */ = {
			isa = PBXGroup;
			children = (
				E3374C9122137DBC00D2C02C /* Cache */,
				E3374C782212245D00D2C02C /* Plist */,
				E3374C722212231900D2C02C /* TMDB */,
			);
			path = Services;
			sourceTree = "<group>";
		};
		E3374C722212231900D2C02C /* TMDB */ = {
			isa = PBXGroup;
			children = (
				E38268FB22163951001C792E /* Queries */,
				E3374C732212239700D2C02C /* PUTMDBService.swift */,
				E38268FE221657AB001C792E /* PUTMDBServiceData.swift */,
				E3374C8D221253F000D2C02C /* PUTTMDBEndPoint.swift */,
				E3374C752212240600D2C02C /* tmdb.plist */,
				E38268F922163449001C792E /* PUTMDBCredentials.swift */,
			);
			path = TMDB;
			sourceTree = "<group>";
		};
		E3374C782212245D00D2C02C /* Plist */ = {
			isa = PBXGroup;
			children = (
				E3374C792212247300D2C02C /* PUPlistService.swift */,
				E3374C7B2212248F00D2C02C /* PUListType.swift */,
			);
			path = Plist;
			sourceTree = "<group>";
		};
		E3374C7E2212452400D2C02C /* Extensions */ = {
			isa = PBXGroup;
			children = (
				E3374C7F2212455100D2C02C /* Bundle+plistPath.swift */,
				E3374C982213844400D2C02C /* UIImage+initFromURL.swift */,
				E3374CA1221390D300D2C02C /* UIColor+pucolors.swift */,
				E38268F122161E0F001C792E /* UIViewController+addChild.swift */,
				E3826900221659E7001C792E /* Array+genreDict.swift */,
			);
			path = Extensions;
			sourceTree = "<group>";
		};
		E3374C8122124CC000D2C02C /* Controllers */ = {
			isa = PBXGroup;
			children = (
				E38268F022161DD3001C792E /* defaults */,
				E38268ED22161D04001C792E /* Search Movies */,
				E3374CA62214317000D2C02C /* UpComing Movies */,
				E3374CA52214315300D2C02C /* Movie List */,
			);
			path = Controllers;
			sourceTree = "<group>";
		};
		E3374C8622124DDA00D2C02C /* Models */ = {
			isa = PBXGroup;
			children = (
				E3374C8722124E0300D2C02C /* Movie.swift */,
				E3374C892212518900D2C02C /* Page.swift */,
				E3374C8B221252B400D2C02C /* Genre.swift */,
			);
			path = Models;
			sourceTree = "<group>";
		};
		E3374C9122137DBC00D2C02C /* Cache */ = {
			isa = PBXGroup;
			children = (
				E3374C9222137E5D00D2C02C /* PUCacheService.swift */,
				E3374C9422137EEA00D2C02C /* PUCacheCenter.swift */,
			);
			path = Cache;
			sourceTree = "<group>";
		};
		E3374C9A22138D3B00D2C02C /* Views */ = {
			isa = PBXGroup;
			children = (
				E3374CB222149D3200D2C02C /* Toggle Button */,
				E3374CAE22149CC100D2C02C /* Movie Cell */,
				E3374CB922149FBB00D2C02C /* defaults */,
			);
			path = Views;
			sourceTree = "<group>";
		};
		E3374CA52214315300D2C02C /* Movie List */ = {
			isa = PBXGroup;
			children = (
				E3374C8222124D2600D2C02C /* MovieListViewController.swift */,
				E3374C8322124D2600D2C02C /* MovieListViewController.xib */,
				E3374CA9221431C200D2C02C /* MovieListViewControllerDelegate.swift */,
				E38268E722160577001C792E /* MovieListControllerState.swift */,
			);
			path = "Movie List";
			sourceTree = "<group>";
		};
		E3374CA62214317000D2C02C /* UpComing Movies */ = {
			isa = PBXGroup;
			children = (
				E3374CA72214319500D2C02C /* UpComingMoviesViewController.swift */,
			);
			path = "UpComing Movies";
			sourceTree = "<group>";
		};
		E3374CAE22149CC100D2C02C /* Movie Cell */ = {
			isa = PBXGroup;
			children = (
				E38268E2221601FF001C792E /* Normal */,
				E38268E1221601B8001C792E /* Expanded */,
				E38268E922160823001C792E /* PUMovieCollectionViewCellProtocol.swift */,
			);
			path = "Movie Cell";
			sourceTree = "<group>";
		};
		E3374CB222149D3200D2C02C /* Toggle Button */ = {
			isa = PBXGroup;
			children = (
				E3374CB322149D5500D2C02C /* PUToggleButtonView.xib */,
				E3374CB722149EF100D2C02C /* PUToggleButtonView.swift */,
				E38268DD2215FF57001C792E /* PUToggleButtonViewDelegate.swift */,
				E38268DF2215FFFE001C792E /* PUToggleButtonState.swift */,
			);
			path = "Toggle Button";
			sourceTree = "<group>";
		};
		E3374CB922149FBB00D2C02C /* defaults */ = {
			isa = PBXGroup;
			children = (
				E3374CBA22149FEC00D2C02C /* PUBaseZibOwnerView.swift */,
			);
			path = defaults;
			sourceTree = "<group>";
		};
		E38268E1221601B8001C792E /* Expanded */ = {
			isa = PBXGroup;
			children = (
				E3374C9D22138D7B00D2C02C /* PUExpandedMovieCollectionViewCell.swift */,
				E3374C9E22138D7B00D2C02C /* PUExpandedMovieCollectionViewCell.xib */,
			);
			path = Expanded;
			sourceTree = "<group>";
		};
		E38268E2221601FF001C792E /* Normal */ = {
			isa = PBXGroup;
			children = (
				E38268E32216022F001C792E /* PUNormalMovieCollectionViewCell.swift */,
				E38268E42216022F001C792E /* PUNormalMovieCollectionViewCell.xib */,
			);
			path = Normal;
			sourceTree = "<group>";
		};
		E38268ED22161D04001C792E /* Search Movies */ = {
			isa = PBXGroup;
			children = (
				E38268EE22161D1B001C792E /* SearchMoviesViewController.swift */,
			);
			path = "Search Movies";
			sourceTree = "<group>";
		};
		E38268F022161DD3001C792E /* defaults */ = {
			isa = PBXGroup;
			children = (
				E3374CA32213B39900D2C02C /* NavigationFlowManager.swift */,
			);
			path = defaults;
			sourceTree = "<group>";
		};
		E38268FB22163951001C792E /* Queries */ = {
			isa = PBXGroup;
			children = (
				E38268F5221630F0001C792E /* PUTMDBModelQuery.swift */,
				E38268F322162FFF001C792E /* PUTMDBQuery.swift */,
				E38268F72216330A001C792E /* PUTMDBImageQuery.swift */,
				E38268FC22163C63001C792E /* PUTMDBPreviewableImageQuery.swift */,
			);
			path = Queries;
			sourceTree = "<group>";
		};
/* End PBXGroup section */

/* Begin PBXNativeTarget section */
		E3374C3F2212220600D2C02C /* PopUpCorn */ = {
			isa = PBXNativeTarget;
			buildConfigurationList = E3374C682212220900D2C02C /* Build configuration list for PBXNativeTarget "PopUpCorn" */;
			buildPhases = (
				39053AA80B4D2B9EEAA70873 /* [CP] Check Pods Manifest.lock */,
				E3374C3C2212220600D2C02C /* Sources */,
				E3374C3D2212220600D2C02C /* Frameworks */,
				E3374C3E2212220600D2C02C /* Resources */,
				E3374C7D2212422D00D2C02C /* ShellScript */,
			);
			buildRules = (
			);
			dependencies = (
			);
			name = PopUpCorn;
			productName = PopUpCorn;
			productReference = E3374C402212220600D2C02C /* PopUpCorn.app */;
			productType = "com.apple.product-type.application";
		};
		E3374C532212220900D2C02C /* PopUpCornTests */ = {
			isa = PBXNativeTarget;
			buildConfigurationList = E3374C6B2212220900D2C02C /* Build configuration list for PBXNativeTarget "PopUpCornTests" */;
			buildPhases = (
				00D4FD3642AF193B3077D049 /* [CP] Check Pods Manifest.lock */,
				E3374C502212220900D2C02C /* Sources */,
				E3374C512212220900D2C02C /* Frameworks */,
				E3374C522212220900D2C02C /* Resources */,
			);
			buildRules = (
			);
			dependencies = (
				E3374C562212220900D2C02C /* PBXTargetDependency */,
			);
			name = PopUpCornTests;
			productName = PopUpCornTests;
			productReference = E3374C542212220900D2C02C /* PopUpCornTests.xctest */;
			productType = "com.apple.product-type.bundle.unit-test";
		};
		E3374C5E2212220900D2C02C /* PopUpCornUITests */ = {
			isa = PBXNativeTarget;
			buildConfigurationList = E3374C6E2212220900D2C02C /* Build configuration list for PBXNativeTarget "PopUpCornUITests" */;
			buildPhases = (
				B0B6885050CAADC0FCDBC868 /* [CP] Check Pods Manifest.lock */,
				E3374C5B2212220900D2C02C /* Sources */,
				E3374C5C2212220900D2C02C /* Frameworks */,
				E3374C5D2212220900D2C02C /* Resources */,
			);
			buildRules = (
			);
			dependencies = (
				E3374C612212220900D2C02C /* PBXTargetDependency */,
			);
			name = PopUpCornUITests;
			productName = PopUpCornUITests;
			productReference = E3374C5F2212220900D2C02C /* PopUpCornUITests.xctest */;
			productType = "com.apple.product-type.bundle.ui-testing";
		};
/* End PBXNativeTarget section */

/* Begin PBXProject section */
		E3374C382212220600D2C02C /* Project object */ = {
			isa = PBXProject;
			attributes = {
				LastSwiftUpdateCheck = 1010;
				LastUpgradeCheck = 1010;
				ORGANIZATIONNAME = "Elias Paulino";
				TargetAttributes = {
					E3374C3F2212220600D2C02C = {
						CreatedOnToolsVersion = 10.1;
					};
					E3374C532212220900D2C02C = {
						CreatedOnToolsVersion = 10.1;
						TestTargetID = E3374C3F2212220600D2C02C;
					};
					E3374C5E2212220900D2C02C = {
						CreatedOnToolsVersion = 10.1;
						TestTargetID = E3374C3F2212220600D2C02C;
					};
				};
			};
			buildConfigurationList = E3374C3B2212220600D2C02C /* Build configuration list for PBXProject "PopUpCorn" */;
			compatibilityVersion = "Xcode 9.3";
			developmentRegion = en;
			hasScannedForEncodings = 0;
			knownRegions = (
				en,
				Base,
			);
			mainGroup = E3374C372212220600D2C02C;
			productRefGroup = E3374C412212220600D2C02C /* Products */;
			projectDirPath = "";
			projectRoot = "";
			targets = (
				E3374C3F2212220600D2C02C /* PopUpCorn */,
				E3374C532212220900D2C02C /* PopUpCornTests */,
				E3374C5E2212220900D2C02C /* PopUpCornUITests */,
			);
		};
/* End PBXProject section */

/* Begin PBXResourcesBuildPhase section */
		E3374C3E2212220600D2C02C /* Resources */ = {
			isa = PBXResourcesBuildPhase;
			buildActionMask = 2147483647;
			files = (
				E3374C4E2212220900D2C02C /* LaunchScreen.storyboard in Resources */,
				E38268E62216022F001C792E /* PUNormalMovieCollectionViewCell.xib in Resources */,
				E3374C4B2212220900D2C02C /* Assets.xcassets in Resources */,
				E3374CA022138D7B00D2C02C /* PUExpandedMovieCollectionViewCell.xib in Resources */,
				E3374C762212240600D2C02C /* tmdb.plist in Resources */,
				E3374C8522124D2600D2C02C /* MovieListViewController.xib in Resources */,
				E3374CB422149D5500D2C02C /* PUToggleButtonView.xib in Resources */,
			);
			runOnlyForDeploymentPostprocessing = 0;
		};
		E3374C522212220900D2C02C /* Resources */ = {
			isa = PBXResourcesBuildPhase;
			buildActionMask = 2147483647;
			files = (
			);
			runOnlyForDeploymentPostprocessing = 0;
		};
		E3374C5D2212220900D2C02C /* Resources */ = {
			isa = PBXResourcesBuildPhase;
			buildActionMask = 2147483647;
			files = (
			);
			runOnlyForDeploymentPostprocessing = 0;
		};
/* End PBXResourcesBuildPhase section */

/* Begin PBXShellScriptBuildPhase section */
		00D4FD3642AF193B3077D049 /* [CP] Check Pods Manifest.lock */ = {
			isa = PBXShellScriptBuildPhase;
			buildActionMask = 2147483647;
			files = (
			);
			inputFileListPaths = (
			);
			inputPaths = (
				"${PODS_PODFILE_DIR_PATH}/Podfile.lock",
				"${PODS_ROOT}/Manifest.lock",
			);
			name = "[CP] Check Pods Manifest.lock";
			outputFileListPaths = (
			);
			outputPaths = (
				"$(DERIVED_FILE_DIR)/Pods-PopUpCornTests-checkManifestLockResult.txt",
			);
			runOnlyForDeploymentPostprocessing = 0;
			shellPath = /bin/sh;
			shellScript = "diff \"${PODS_PODFILE_DIR_PATH}/Podfile.lock\" \"${PODS_ROOT}/Manifest.lock\" > /dev/null\nif [ $? != 0 ] ; then\n    # print error to STDERR\n    echo \"error: The sandbox is not in sync with the Podfile.lock. Run 'pod install' or update your CocoaPods installation.\" >&2\n    exit 1\nfi\n# This output is used by Xcode 'outputs' to avoid re-running this script phase.\necho \"SUCCESS\" > \"${SCRIPT_OUTPUT_FILE_0}\"\n";
			showEnvVarsInLog = 0;
		};
		39053AA80B4D2B9EEAA70873 /* [CP] Check Pods Manifest.lock */ = {
			isa = PBXShellScriptBuildPhase;
			buildActionMask = 2147483647;
			files = (
			);
			inputFileListPaths = (
			);
			inputPaths = (
				"${PODS_PODFILE_DIR_PATH}/Podfile.lock",
				"${PODS_ROOT}/Manifest.lock",
			);
			name = "[CP] Check Pods Manifest.lock";
			outputFileListPaths = (
			);
			outputPaths = (
				"$(DERIVED_FILE_DIR)/Pods-PopUpCorn-checkManifestLockResult.txt",
			);
			runOnlyForDeploymentPostprocessing = 0;
			shellPath = /bin/sh;
			shellScript = "diff \"${PODS_PODFILE_DIR_PATH}/Podfile.lock\" \"${PODS_ROOT}/Manifest.lock\" > /dev/null\nif [ $? != 0 ] ; then\n    # print error to STDERR\n    echo \"error: The sandbox is not in sync with the Podfile.lock. Run 'pod install' or update your CocoaPods installation.\" >&2\n    exit 1\nfi\n# This output is used by Xcode 'outputs' to avoid re-running this script phase.\necho \"SUCCESS\" > \"${SCRIPT_OUTPUT_FILE_0}\"\n";
			showEnvVarsInLog = 0;
		};
		B0B6885050CAADC0FCDBC868 /* [CP] Check Pods Manifest.lock */ = {
			isa = PBXShellScriptBuildPhase;
			buildActionMask = 2147483647;
			files = (
			);
			inputFileListPaths = (
			);
			inputPaths = (
				"${PODS_PODFILE_DIR_PATH}/Podfile.lock",
				"${PODS_ROOT}/Manifest.lock",
			);
			name = "[CP] Check Pods Manifest.lock";
			outputFileListPaths = (
			);
			outputPaths = (
				"$(DERIVED_FILE_DIR)/Pods-PopUpCornUITests-checkManifestLockResult.txt",
			);
			runOnlyForDeploymentPostprocessing = 0;
			shellPath = /bin/sh;
			shellScript = "diff \"${PODS_PODFILE_DIR_PATH}/Podfile.lock\" \"${PODS_ROOT}/Manifest.lock\" > /dev/null\nif [ $? != 0 ] ; then\n    # print error to STDERR\n    echo \"error: The sandbox is not in sync with the Podfile.lock. Run 'pod install' or update your CocoaPods installation.\" >&2\n    exit 1\nfi\n# This output is used by Xcode 'outputs' to avoid re-running this script phase.\necho \"SUCCESS\" > \"${SCRIPT_OUTPUT_FILE_0}\"\n";
			showEnvVarsInLog = 0;
		};
		E3374C7D2212422D00D2C02C /* ShellScript */ = {
			isa = PBXShellScriptBuildPhase;
			buildActionMask = 2147483647;
			files = (
			);
			inputFileListPaths = (
			);
			inputPaths = (
			);
			outputFileListPaths = (
			);
			outputPaths = (
			);
			runOnlyForDeploymentPostprocessing = 0;
			shellPath = /bin/sh;
			shellScript = "# Type a script or drag a script file from your workspace to insert its path.\n\"${PODS_ROOT}/SwiftLint/swiftlint\"\n";
		};
/* End PBXShellScriptBuildPhase section */

/* Begin PBXSourcesBuildPhase section */
		E3374C3C2212220600D2C02C /* Sources */ = {
			isa = PBXSourcesBuildPhase;
			buildActionMask = 2147483647;
			files = (
				E38268F6221630F0001C792E /* PUTMDBModelQuery.swift in Sources */,
				E38268F222161E0F001C792E /* UIViewController+addChild.swift in Sources */,
				E3374C9F22138D7B00D2C02C /* PUExpandedMovieCollectionViewCell.swift in Sources */,
				E38268DE2215FF57001C792E /* PUToggleButtonViewDelegate.swift in Sources */,
				E3374C9522137EEA00D2C02C /* PUCacheCenter.swift in Sources */,
				E38268FD22163C63001C792E /* PUTMDBPreviewableImageQuery.swift in Sources */,
				E3374CBB22149FEC00D2C02C /* PUBaseZibOwnerView.swift in Sources */,
				E3826901221659E7001C792E /* Array+genreDict.swift in Sources */,
				E38268EF22161D1B001C792E /* SearchMoviesViewController.swift in Sources */,
				E38268FF221657AB001C792E /* PUTMDBServiceData.swift in Sources */,
				E38268EA22160823001C792E /* PUMovieCollectionViewCellProtocol.swift in Sources */,
				E3374C7C2212248F00D2C02C /* PUListType.swift in Sources */,
				E38268E52216022F001C792E /* PUNormalMovieCollectionViewCell.swift in Sources */,
				E3374C7A2212247300D2C02C /* PUPlistService.swift in Sources */,
				E38268F422162FFF001C792E /* PUTMDBQuery.swift in Sources */,
				E38268F82216330A001C792E /* PUTMDBImageQuery.swift in Sources */,
				E3374C8E221253F000D2C02C /* PUTTMDBEndPoint.swift in Sources */,
				E3374C742212239700D2C02C /* PUTMDBService.swift in Sources */,
				E3374CA82214319500D2C02C /* UpComingMoviesViewController.swift in Sources */,
				E3374C8422124D2600D2C02C /* MovieListViewController.swift in Sources */,
				E3374CA2221390D300D2C02C /* UIColor+pucolors.swift in Sources */,
				E3374C8A2212518900D2C02C /* Page.swift in Sources */,
				E38268E02215FFFE001C792E /* PUToggleButtonState.swift in Sources */,
				E3374C992213844400D2C02C /* UIImage+initFromURL.swift in Sources */,
				E3374CAA221431C200D2C02C /* MovieListViewControllerDelegate.swift in Sources */,
				E3374CA42213B39900D2C02C /* NavigationFlowManager.swift in Sources */,
				E3374C9322137E5D00D2C02C /* PUCacheService.swift in Sources */,
				E38268FA22163449001C792E /* PUTMDBCredentials.swift in Sources */,
				E38268E822160577001C792E /* MovieListControllerState.swift in Sources */,
				E3374C442212220600D2C02C /* AppDelegate.swift in Sources */,
				E3374CB822149EF100D2C02C /* PUToggleButtonView.swift in Sources */,
				E3374C8822124E0300D2C02C /* Movie.swift in Sources */,
				E3374C802212455100D2C02C /* Bundle+plistPath.swift in Sources */,
				E3374C8C221252B400D2C02C /* Genre.swift in Sources */,
			);
			runOnlyForDeploymentPostprocessing = 0;
		};
		E3374C502212220900D2C02C /* Sources */ = {
			isa = PBXSourcesBuildPhase;
			buildActionMask = 2147483647;
			files = (
				E3374C592212220900D2C02C /* PopUpCornTests.swift in Sources */,
			);
			runOnlyForDeploymentPostprocessing = 0;
		};
		E3374C5B2212220900D2C02C /* Sources */ = {
			isa = PBXSourcesBuildPhase;
			buildActionMask = 2147483647;
			files = (
				E3374C642212220900D2C02C /* PopUpCornUITests.swift in Sources */,
			);
			runOnlyForDeploymentPostprocessing = 0;
		};
/* End PBXSourcesBuildPhase section */

/* Begin PBXTargetDependency section */
		E3374C562212220900D2C02C /* PBXTargetDependency */ = {
			isa = PBXTargetDependency;
			target = E3374C3F2212220600D2C02C /* PopUpCorn */;
			targetProxy = E3374C552212220900D2C02C /* PBXContainerItemProxy */;
		};
		E3374C612212220900D2C02C /* PBXTargetDependency */ = {
			isa = PBXTargetDependency;
			target = E3374C3F2212220600D2C02C /* PopUpCorn */;
			targetProxy = E3374C602212220900D2C02C /* PBXContainerItemProxy */;
		};
/* End PBXTargetDependency section */

/* Begin PBXVariantGroup section */
		E3374C4C2212220900D2C02C /* LaunchScreen.storyboard */ = {
			isa = PBXVariantGroup;
			children = (
				E3374C4D2212220900D2C02C /* Base */,
			);
			name = LaunchScreen.storyboard;
			sourceTree = "<group>";
		};
/* End PBXVariantGroup section */

/* Begin XCBuildConfiguration section */
		E3374C662212220900D2C02C /* Debug */ = {
			isa = XCBuildConfiguration;
			buildSettings = {
				ALWAYS_SEARCH_USER_PATHS = NO;
				CLANG_ANALYZER_NONNULL = YES;
				CLANG_ANALYZER_NUMBER_OBJECT_CONVERSION = YES_AGGRESSIVE;
				CLANG_CXX_LANGUAGE_STANDARD = "gnu++14";
				CLANG_CXX_LIBRARY = "libc++";
				CLANG_ENABLE_MODULES = YES;
				CLANG_ENABLE_OBJC_ARC = YES;
				CLANG_ENABLE_OBJC_WEAK = YES;
				CLANG_WARN_BLOCK_CAPTURE_AUTORELEASING = YES;
				CLANG_WARN_BOOL_CONVERSION = YES;
				CLANG_WARN_COMMA = YES;
				CLANG_WARN_CONSTANT_CONVERSION = YES;
				CLANG_WARN_DEPRECATED_OBJC_IMPLEMENTATIONS = YES;
				CLANG_WARN_DIRECT_OBJC_ISA_USAGE = YES_ERROR;
				CLANG_WARN_DOCUMENTATION_COMMENTS = YES;
				CLANG_WARN_EMPTY_BODY = YES;
				CLANG_WARN_ENUM_CONVERSION = YES;
				CLANG_WARN_INFINITE_RECURSION = YES;
				CLANG_WARN_INT_CONVERSION = YES;
				CLANG_WARN_NON_LITERAL_NULL_CONVERSION = YES;
				CLANG_WARN_OBJC_IMPLICIT_RETAIN_SELF = YES;
				CLANG_WARN_OBJC_LITERAL_CONVERSION = YES;
				CLANG_WARN_OBJC_ROOT_CLASS = YES_ERROR;
				CLANG_WARN_RANGE_LOOP_ANALYSIS = YES;
				CLANG_WARN_STRICT_PROTOTYPES = YES;
				CLANG_WARN_SUSPICIOUS_MOVE = YES;
				CLANG_WARN_UNGUARDED_AVAILABILITY = YES_AGGRESSIVE;
				CLANG_WARN_UNREACHABLE_CODE = YES;
				CLANG_WARN__DUPLICATE_METHOD_MATCH = YES;
				CODE_SIGN_IDENTITY = "iPhone Developer";
				COPY_PHASE_STRIP = NO;
				DEBUG_INFORMATION_FORMAT = dwarf;
				ENABLE_STRICT_OBJC_MSGSEND = YES;
				ENABLE_TESTABILITY = YES;
				GCC_C_LANGUAGE_STANDARD = gnu11;
				GCC_DYNAMIC_NO_PIC = NO;
				GCC_NO_COMMON_BLOCKS = YES;
				GCC_OPTIMIZATION_LEVEL = 0;
				GCC_PREPROCESSOR_DEFINITIONS = (
					"DEBUG=1",
					"$(inherited)",
				);
				GCC_WARN_64_TO_32_BIT_CONVERSION = YES;
				GCC_WARN_ABOUT_RETURN_TYPE = YES_ERROR;
				GCC_WARN_UNDECLARED_SELECTOR = YES;
				GCC_WARN_UNINITIALIZED_AUTOS = YES_AGGRESSIVE;
				GCC_WARN_UNUSED_FUNCTION = YES;
				GCC_WARN_UNUSED_VARIABLE = YES;
				IPHONEOS_DEPLOYMENT_TARGET = 12.1;
				MTL_ENABLE_DEBUG_INFO = INCLUDE_SOURCE;
				MTL_FAST_MATH = YES;
				ONLY_ACTIVE_ARCH = YES;
				SDKROOT = iphoneos;
				SWIFT_ACTIVE_COMPILATION_CONDITIONS = DEBUG;
				SWIFT_OPTIMIZATION_LEVEL = "-Onone";
			};
			name = Debug;
		};
		E3374C672212220900D2C02C /* Release */ = {
			isa = XCBuildConfiguration;
			buildSettings = {
				ALWAYS_SEARCH_USER_PATHS = NO;
				CLANG_ANALYZER_NONNULL = YES;
				CLANG_ANALYZER_NUMBER_OBJECT_CONVERSION = YES_AGGRESSIVE;
				CLANG_CXX_LANGUAGE_STANDARD = "gnu++14";
				CLANG_CXX_LIBRARY = "libc++";
				CLANG_ENABLE_MODULES = YES;
				CLANG_ENABLE_OBJC_ARC = YES;
				CLANG_ENABLE_OBJC_WEAK = YES;
				CLANG_WARN_BLOCK_CAPTURE_AUTORELEASING = YES;
				CLANG_WARN_BOOL_CONVERSION = YES;
				CLANG_WARN_COMMA = YES;
				CLANG_WARN_CONSTANT_CONVERSION = YES;
				CLANG_WARN_DEPRECATED_OBJC_IMPLEMENTATIONS = YES;
				CLANG_WARN_DIRECT_OBJC_ISA_USAGE = YES_ERROR;
				CLANG_WARN_DOCUMENTATION_COMMENTS = YES;
				CLANG_WARN_EMPTY_BODY = YES;
				CLANG_WARN_ENUM_CONVERSION = YES;
				CLANG_WARN_INFINITE_RECURSION = YES;
				CLANG_WARN_INT_CONVERSION = YES;
				CLANG_WARN_NON_LITERAL_NULL_CONVERSION = YES;
				CLANG_WARN_OBJC_IMPLICIT_RETAIN_SELF = YES;
				CLANG_WARN_OBJC_LITERAL_CONVERSION = YES;
				CLANG_WARN_OBJC_ROOT_CLASS = YES_ERROR;
				CLANG_WARN_RANGE_LOOP_ANALYSIS = YES;
				CLANG_WARN_STRICT_PROTOTYPES = YES;
				CLANG_WARN_SUSPICIOUS_MOVE = YES;
				CLANG_WARN_UNGUARDED_AVAILABILITY = YES_AGGRESSIVE;
				CLANG_WARN_UNREACHABLE_CODE = YES;
				CLANG_WARN__DUPLICATE_METHOD_MATCH = YES;
				CODE_SIGN_IDENTITY = "iPhone Developer";
				COPY_PHASE_STRIP = NO;
				DEBUG_INFORMATION_FORMAT = "dwarf-with-dsym";
				ENABLE_NS_ASSERTIONS = NO;
				ENABLE_STRICT_OBJC_MSGSEND = YES;
				GCC_C_LANGUAGE_STANDARD = gnu11;
				GCC_NO_COMMON_BLOCKS = YES;
				GCC_WARN_64_TO_32_BIT_CONVERSION = YES;
				GCC_WARN_ABOUT_RETURN_TYPE = YES_ERROR;
				GCC_WARN_UNDECLARED_SELECTOR = YES;
				GCC_WARN_UNINITIALIZED_AUTOS = YES_AGGRESSIVE;
				GCC_WARN_UNUSED_FUNCTION = YES;
				GCC_WARN_UNUSED_VARIABLE = YES;
				IPHONEOS_DEPLOYMENT_TARGET = 12.1;
				MTL_ENABLE_DEBUG_INFO = NO;
				MTL_FAST_MATH = YES;
				SDKROOT = iphoneos;
				SWIFT_COMPILATION_MODE = wholemodule;
				SWIFT_OPTIMIZATION_LEVEL = "-O";
				VALIDATE_PRODUCT = YES;
			};
			name = Release;
		};
		E3374C692212220900D2C02C /* Debug */ = {
			isa = XCBuildConfiguration;
			baseConfigurationReference = BB9F10A9C44249B8F3FDA82D /* Pods-PopUpCorn.debug.xcconfig */;
			buildSettings = {
				ASSETCATALOG_COMPILER_APPICON_NAME = AppIcon;
				CODE_SIGN_STYLE = Automatic;
				DEVELOPMENT_TEAM = Z8P97P3QB4;
				INFOPLIST_FILE = PopUpCorn/Info.plist;
				LD_RUNPATH_SEARCH_PATHS = (
					"$(inherited)",
					"@executable_path/Frameworks",
				);
				PRODUCT_BUNDLE_IDENTIFIER = paulino.elias.PopUpCorn;
				PRODUCT_NAME = "$(TARGET_NAME)";
				SWIFT_VERSION = 4.2;
				TARGETED_DEVICE_FAMILY = "1,2";
			};
			name = Debug;
		};
		E3374C6A2212220900D2C02C /* Release */ = {
			isa = XCBuildConfiguration;
			baseConfigurationReference = 0F97EAEF1132CC2A1237B7EF /* Pods-PopUpCorn.release.xcconfig */;
			buildSettings = {
				ASSETCATALOG_COMPILER_APPICON_NAME = AppIcon;
				CODE_SIGN_STYLE = Automatic;
				DEVELOPMENT_TEAM = Z8P97P3QB4;
				INFOPLIST_FILE = PopUpCorn/Info.plist;
				LD_RUNPATH_SEARCH_PATHS = (
					"$(inherited)",
					"@executable_path/Frameworks",
				);
				PRODUCT_BUNDLE_IDENTIFIER = paulino.elias.PopUpCorn;
				PRODUCT_NAME = "$(TARGET_NAME)";
				SWIFT_VERSION = 4.2;
				TARGETED_DEVICE_FAMILY = "1,2";
			};
			name = Release;
		};
		E3374C6C2212220900D2C02C /* Debug */ = {
			isa = XCBuildConfiguration;
			baseConfigurationReference = 0EC58F109D1F98098AC1EF24 /* Pods-PopUpCornTests.debug.xcconfig */;
			buildSettings = {
				ALWAYS_EMBED_SWIFT_STANDARD_LIBRARIES = YES;
				BUNDLE_LOADER = "$(TEST_HOST)";
				CODE_SIGN_STYLE = Automatic;
				DEVELOPMENT_TEAM = Z8P97P3QB4;
				INFOPLIST_FILE = PopUpCornTests/Info.plist;
				LD_RUNPATH_SEARCH_PATHS = (
					"$(inherited)",
					"@executable_path/Frameworks",
					"@loader_path/Frameworks",
				);
				PRODUCT_BUNDLE_IDENTIFIER = paulino.elias.PopUpCornTests;
				PRODUCT_NAME = "$(TARGET_NAME)";
				SWIFT_VERSION = 4.2;
				TARGETED_DEVICE_FAMILY = "1,2";
				TEST_HOST = "$(BUILT_PRODUCTS_DIR)/PopUpCorn.app/PopUpCorn";
			};
			name = Debug;
		};
		E3374C6D2212220900D2C02C /* Release */ = {
			isa = XCBuildConfiguration;
			baseConfigurationReference = BF9ECCEE184A02CE1C5A83B9 /* Pods-PopUpCornTests.release.xcconfig */;
			buildSettings = {
				ALWAYS_EMBED_SWIFT_STANDARD_LIBRARIES = YES;
				BUNDLE_LOADER = "$(TEST_HOST)";
				CODE_SIGN_STYLE = Automatic;
				DEVELOPMENT_TEAM = Z8P97P3QB4;
				INFOPLIST_FILE = PopUpCornTests/Info.plist;
				LD_RUNPATH_SEARCH_PATHS = (
					"$(inherited)",
					"@executable_path/Frameworks",
					"@loader_path/Frameworks",
				);
				PRODUCT_BUNDLE_IDENTIFIER = paulino.elias.PopUpCornTests;
				PRODUCT_NAME = "$(TARGET_NAME)";
				SWIFT_VERSION = 4.2;
				TARGETED_DEVICE_FAMILY = "1,2";
				TEST_HOST = "$(BUILT_PRODUCTS_DIR)/PopUpCorn.app/PopUpCorn";
			};
			name = Release;
		};
		E3374C6F2212220900D2C02C /* Debug */ = {
			isa = XCBuildConfiguration;
			baseConfigurationReference = C2F4AC3984CAC43A80D271C4 /* Pods-PopUpCornUITests.debug.xcconfig */;
			buildSettings = {
				ALWAYS_EMBED_SWIFT_STANDARD_LIBRARIES = YES;
				CODE_SIGN_STYLE = Automatic;
				DEVELOPMENT_TEAM = Z8P97P3QB4;
				INFOPLIST_FILE = PopUpCornUITests/Info.plist;
				LD_RUNPATH_SEARCH_PATHS = (
					"$(inherited)",
					"@executable_path/Frameworks",
					"@loader_path/Frameworks",
				);
				PRODUCT_BUNDLE_IDENTIFIER = paulino.elias.PopUpCornUITests;
				PRODUCT_NAME = "$(TARGET_NAME)";
				SWIFT_VERSION = 4.2;
				TARGETED_DEVICE_FAMILY = "1,2";
				TEST_TARGET_NAME = PopUpCorn;
			};
			name = Debug;
		};
		E3374C702212220900D2C02C /* Release */ = {
			isa = XCBuildConfiguration;
			baseConfigurationReference = 1A203ECEC0A9AD37FA65E873 /* Pods-PopUpCornUITests.release.xcconfig */;
			buildSettings = {
				ALWAYS_EMBED_SWIFT_STANDARD_LIBRARIES = YES;
				CODE_SIGN_STYLE = Automatic;
				DEVELOPMENT_TEAM = Z8P97P3QB4;
				INFOPLIST_FILE = PopUpCornUITests/Info.plist;
				LD_RUNPATH_SEARCH_PATHS = (
					"$(inherited)",
					"@executable_path/Frameworks",
					"@loader_path/Frameworks",
				);
				PRODUCT_BUNDLE_IDENTIFIER = paulino.elias.PopUpCornUITests;
				PRODUCT_NAME = "$(TARGET_NAME)";
				SWIFT_VERSION = 4.2;
				TARGETED_DEVICE_FAMILY = "1,2";
				TEST_TARGET_NAME = PopUpCorn;
			};
			name = Release;
		};
/* End XCBuildConfiguration section */

/* Begin XCConfigurationList section */
		E3374C3B2212220600D2C02C /* Build configuration list for PBXProject "PopUpCorn" */ = {
			isa = XCConfigurationList;
			buildConfigurations = (
				E3374C662212220900D2C02C /* Debug */,
				E3374C672212220900D2C02C /* Release */,
			);
			defaultConfigurationIsVisible = 0;
			defaultConfigurationName = Release;
		};
		E3374C682212220900D2C02C /* Build configuration list for PBXNativeTarget "PopUpCorn" */ = {
			isa = XCConfigurationList;
			buildConfigurations = (
				E3374C692212220900D2C02C /* Debug */,
				E3374C6A2212220900D2C02C /* Release */,
			);
			defaultConfigurationIsVisible = 0;
			defaultConfigurationName = Release;
		};
		E3374C6B2212220900D2C02C /* Build configuration list for PBXNativeTarget "PopUpCornTests" */ = {
			isa = XCConfigurationList;
			buildConfigurations = (
				E3374C6C2212220900D2C02C /* Debug */,
				E3374C6D2212220900D2C02C /* Release */,
			);
			defaultConfigurationIsVisible = 0;
			defaultConfigurationName = Release;
		};
		E3374C6E2212220900D2C02C /* Build configuration list for PBXNativeTarget "PopUpCornUITests" */ = {
			isa = XCConfigurationList;
			buildConfigurations = (
				E3374C6F2212220900D2C02C /* Debug */,
				E3374C702212220900D2C02C /* Release */,
			);
			defaultConfigurationIsVisible = 0;
			defaultConfigurationName = Release;
		};
/* End XCConfigurationList section */
	};
	rootObject = E3374C382212220600D2C02C /* Project object */;
}
